// !$*UTF8*$!
{
	archiveVersion = 1;
	classes = {
	};
	objectVersion = 46;
	objects = {
/* Begin PBXBuildFile section */
		0207DA581B56EA530066E2B4 /* Images.xcassets in Resources */ = {isa = PBXBuildFile; fileRef = 0207DA571B56EA530066E2B4 /* Images.xcassets */; };
		1D3623260D0F684500981E51 /* AppDelegate.m in Sources */ = {isa = PBXBuildFile; fileRef = 1D3623250D0F684500981E51 /* AppDelegate.m */; };
		1D60589B0D05DD56006BFB54 /* main.m in Sources */ = {isa = PBXBuildFile; fileRef = 29B97316FDCFA39411CA2CEA /* main.m */; };
		301BF552109A68D80062928A /* libCordova.a in Frameworks */ = {isa = PBXBuildFile; fileRef = 301BF535109A57CC0062928A /* libCordova.a */; };
		302D95F114D2391D003F00A1 /* MainViewController.m in Sources */ = {isa = PBXBuildFile; fileRef = 302D95EF14D2391D003F00A1 /* MainViewController.m */; };
		302D95F214D2391D003F00A1 /* MainViewController.xib in Resources */ = {isa = PBXBuildFile; fileRef = 302D95F014D2391D003F00A1 /* MainViewController.xib */; };
		3047A5121AB8059700498E2A /* build-debug.xcconfig in Resources */ = {isa = PBXBuildFile; fileRef = 3047A50F1AB8059700498E2A /* build-debug.xcconfig */; };
		3047A5131AB8059700498E2A /* build-release.xcconfig in Resources */ = {isa = PBXBuildFile; fileRef = 3047A5101AB8059700498E2A /* build-release.xcconfig */; };
		3047A5141AB8059700498E2A /* build.xcconfig in Resources */ = {isa = PBXBuildFile; fileRef = 3047A5111AB8059700498E2A /* build.xcconfig */; };
		6AFF5BF91D6E424B00AB3073 /* CDVLaunchScreen.storyboard in Resources */ = {isa = PBXBuildFile; fileRef = 6AFF5BF81D6E424B00AB3073 /* CDVLaunchScreen.storyboard */; };
		5DF2CE08990F44818972CF06 /* CDVLogger.m in Sources */ = {isa = PBXBuildFile; fileRef = 67CB970E656E40108583575C /* CDVLogger.m */; };
		6AFEF4CFDB4346D99FAB6DD0 /* CDVDevice.m in Sources */ = {isa = PBXBuildFile; fileRef = 652D27879A64413FACEF2841 /* CDVDevice.m */; };
		A7EAC81AFA4C44879FDEB491 /* CDVSplashScreen.m in Sources */ = {isa = PBXBuildFile; fileRef = 794F8B1ACA5146AF9CF5FEA1 /* CDVSplashScreen.m */; };
		B1E29D0720DD4B6CB03C234D /* CDVViewController+SplashScreen.m in Sources */ = {isa = PBXBuildFile; fileRef = 062DBBF098254E4D9F5A5A81 /* CDVViewController+SplashScreen.m */; };
		462B56340D4144CDABBD5953 /* CDVStatusBar.m in Sources */ = {isa = PBXBuildFile; fileRef = 54B3E0377B734F908EE517A4 /* CDVStatusBar.m */; };
		B41649031C1943669990DAB7 /* IonicKeyboard.m in Sources */ = {isa = PBXBuildFile; fileRef = 657144B1032841CAB9B172AA /* IonicKeyboard.m */; };
		5033EF561D584C5E8BBCB07F /* CDVLocation.m in Sources */ = {isa = PBXBuildFile; fileRef = C4DDCB02B9634613B21A4B1E /* CDVLocation.m */; };
		F156876AC6F94C1AB046AF92 /* CoreLocation.framework in Frameworks */ = {isa = PBXBuildFile; fileRef = CF786550F0DB45E185253EB5 /* CoreLocation.framework */; };
		5262CC6CCC00410BBDC24E7F /* CDVConnection.m in Sources */ = {isa = PBXBuildFile; fileRef = AEB7E0A0A9074BBEAFA37D86 /* CDVConnection.m */; };
		CA85D49DA0584C40973482F2 /* CDVReachability.m in Sources */ = {isa = PBXBuildFile; fileRef = 34AE5D6C403D472481FB8332 /* CDVReachability.m */; };
		787541D3BDA842A8B3D35F30 /* SystemConfiguration.framework in Frameworks */ = {isa = PBXBuildFile; fileRef = BACE207F883E4B82934D88C1 /* SystemConfiguration.framework */; settings = {ATTRIBUTES = (Weak, ); }; };
		4B3BBA0F870B46B8846B7527 /* CoreTelephony.framework in Frameworks */ = {isa = PBXBuildFile; fileRef = FA4ED080958A494088B877CC /* CoreTelephony.framework */; };
		F98F0BF00FF944218B7D42D2 /* SQLitePlugin.m in Sources */ = {isa = PBXBuildFile; fileRef = 0AD525788791490BAF2807F3 /* SQLitePlugin.m */; };
		7D1BFC61194947FFB405045C /* sqlite3.c in Resources */ = {isa = PBXBuildFile; fileRef = 20B3105D8A31410BAA94A182 /* sqlite3.c */; settings = {COMPILER_FLAGS = "-DSQLITE_THREADSAFE=1 -DSQLITE_DEFAULT_MEMSTATUS=0 -DSQLITE_OMIT_DECLTYPE -DSQLITE_OMIT_DEPRECATED -DSQLITE_OMIT_PROGRESS_CALLBACK -DSQLITE_OMIT_SHARED_CACHE -DSQLITE_TEMP_STORE=2 -DSQLITE_OMIT_LOAD_EXTENSION -DSQLITE_ENABLE_FTS3 -DSQLITE_ENABLE_FTS3_PARENTHESIS -DSQLITE_ENABLE_FTS4 -DSQLITE_ENABLE_RTREE -DSQLITE_DEFAULT_PAGE_SIZE=1024 -DSQLITE_DEFAULT_CACHE_SIZE=2000"; }; };
		E8E8F37C6FAF4AFAB3568983 /* CDVInAppBrowser.m in Sources */ = {isa = PBXBuildFile; fileRef = 132A2760F86C475E8083AE47 /* CDVInAppBrowser.m */; };
		9B1768927F6E40AD95674A2C /* CDVWKWebViewEngine.m in Sources */ = {isa = PBXBuildFile; fileRef = 832159438F7C4C66B5931BA6 /* CDVWKWebViewEngine.m */; };
		5195BCC4A35D4FF890196D94 /* CDVWKWebViewUIDelegate.m in Sources */ = {isa = PBXBuildFile; fileRef = A801CBC4F97147E8A540D012 /* CDVWKWebViewUIDelegate.m */; };
		FB23BAEE262642BC92A0A8B7 /* CDVWKProcessPoolFactory.m in Sources */ = {isa = PBXBuildFile; fileRef = 198D6892F1834AD1A3726591 /* CDVWKProcessPoolFactory.m */; };
		76728F6620384ACDA7AA0351 /* GCDWebServer.m in Sources */ = {isa = PBXBuildFile; fileRef = 2CCEF39175944E4FAC78F738 /* GCDWebServer.m */; };
		6A28F03D6F374E3894966A8D /* GCDWebServerConnection.m in Sources */ = {isa = PBXBuildFile; fileRef = 33ED03669433433C9860E3F6 /* GCDWebServerConnection.m */; };
		0367CDBE758340CDAAFF2596 /* GCDWebServerFunctions.m in Sources */ = {isa = PBXBuildFile; fileRef = 2CB751B3F0F542B095F0F2F6 /* GCDWebServerFunctions.m */; };
		F78AA94639A2494485490BE0 /* GCDWebServerRequest.m in Sources */ = {isa = PBXBuildFile; fileRef = 7B06D94D48494907A2913049 /* GCDWebServerRequest.m */; };
		8E7CF010AF3C462186F4D05B /* GCDWebServerResponse.m in Sources */ = {isa = PBXBuildFile; fileRef = B1AE2BD1BDE2484FB9FCF2F2 /* GCDWebServerResponse.m */; };
		7E54DF3576B343E6A0ED4EFF /* GCDWebServerDataRequest.m in Sources */ = {isa = PBXBuildFile; fileRef = EEFE155000894BDE8B92F0D2 /* GCDWebServerDataRequest.m */; };
		6C205F8F696E4062BC6ADD66 /* GCDWebServerFileRequest.m in Sources */ = {isa = PBXBuildFile; fileRef = 4D9FEB0882B3495B826BEC58 /* GCDWebServerFileRequest.m */; };
		0E9E4AAA7B78439A89CD323F /* GCDWebServerMultiPartFormRequest.m in Sources */ = {isa = PBXBuildFile; fileRef = 9C6F23AF582F4D8DBEB51014 /* GCDWebServerMultiPartFormRequest.m */; };
		F2C889F3D98C4992AF13D81B /* GCDWebServerURLEncodedFormRequest.m in Sources */ = {isa = PBXBuildFile; fileRef = 7C537A513A31463C8749B86E /* GCDWebServerURLEncodedFormRequest.m */; };
		DCAAF12E569C4685A0F22B0C /* GCDWebServerDataResponse.m in Sources */ = {isa = PBXBuildFile; fileRef = 89EE0FD4C17D4A24815DF968 /* GCDWebServerDataResponse.m */; };
		C1266C2C5CE248069306B4B4 /* GCDWebServerErrorResponse.m in Sources */ = {isa = PBXBuildFile; fileRef = 2F3E21AD18CA47E5B826D474 /* GCDWebServerErrorResponse.m */; };
		322F561187474153A8634208 /* GCDWebServerFileResponse.m in Sources */ = {isa = PBXBuildFile; fileRef = 6848082507AC47DCAACFC65B /* GCDWebServerFileResponse.m */; };
		867F66B3C753461181FACA94 /* GCDWebServerStreamedResponse.m in Sources */ = {isa = PBXBuildFile; fileRef = 2CC2C8F02CC041DEB4560873 /* GCDWebServerStreamedResponse.m */; };
		A1482D95F0A749978599730B /* WebKit.framework in Frameworks */ = {isa = PBXBuildFile; fileRef = 9DCC11F4E4E14DD49B087E2B /* WebKit.framework */; settings = {ATTRIBUTES = (Weak, ); }; };
		67202C29AD54439CB1415A29 /* libz.tbd in Frameworks */ = {isa = PBXBuildFile; fileRef = AD5E2FCE57B44845895FC13B /* libz.tbd */; };
		39781C33E90A4AC7B190EE1C /* Diagnostic.m in Sources */ = {isa = PBXBuildFile; fileRef = 9FC4A4D3E7B242BDAB27DDC9 /* Diagnostic.m */; };
		F5226C2FA13745D3A6D4D660 /* CoreBluetooth.framework in Frameworks */ = {isa = PBXBuildFile; fileRef = 9251CD838855439D8A481F7E /* CoreBluetooth.framework */; };
		80D86E7209944D55A7CC1D2F /* CoreMotion.framework in Frameworks */ = {isa = PBXBuildFile; fileRef = EAC4DB76363F428E93FEB88A /* CoreMotion.framework */; };
		E4B27785DFDB452089EA9407 /* AVFoundation.framework in Frameworks */ = {isa = PBXBuildFile; fileRef = 31BA5380F50C444689DB8F9C /* AVFoundation.framework */; };
		D85D19BF4489483A850F8F67 /* Photos.framework in Frameworks */ = {isa = PBXBuildFile; fileRef = FB0ACCA577E6407D9A61932F /* Photos.framework */; };
		74DF142FA5354A7EA9C6C35B /* AddressBook.framework in Frameworks */ = {isa = PBXBuildFile; fileRef = CE59E33651B74462AD9AD45C /* AddressBook.framework */; };
		AC2AF79411D445D2995F627A /* EventKit.framework in Frameworks */ = {isa = PBXBuildFile; fileRef = C99917A17F954CD99AB711E6 /* EventKit.framework */; };
		3C6370B1A1B340498E5F8E38 /* Contacts.framework in Frameworks */ = {isa = PBXBuildFile; fileRef = F57270623EEB4EFD9652B06E /* Contacts.framework */; };
		4CDBA2CDCA7A42B182953CFE /* UserNotifications.framework in Frameworks */ = {isa = PBXBuildFile; fileRef = C13BA4F2DD3D4F9A99F0091B /* UserNotifications.framework */; };
		DF96050D32DF46949945379E /* CDVBarcodeScanner.mm in Resources */ = {isa = PBXBuildFile; fileRef = 7BC09C15DF2F425A9B26312F /* CDVBarcodeScanner.mm */; settings = {COMPILER_FLAGS = "-fno-objc-arc"; }; };
		D20D5EB2ACF14C1EBA250785 /* zxing-all-in-one.cpp in Resources */ = {isa = PBXBuildFile; fileRef = E86569EF4D6940838B3F2A4C /* zxing-all-in-one.cpp */; };
		F721503929944B78B5BD4A6A /* scannerOverlay.xib in Resources */ = {isa = PBXBuildFile; fileRef = CB1AA6A73EAB465086554C89 /* scannerOverlay.xib */; };
		3BA1FFA9BF1541B6B799A21F /* CDVBarcodeScanner.bundle in Resources */ = {isa = PBXBuildFile; fileRef = 75FF4B77B5394F359CA8D6CA /* CDVBarcodeScanner.bundle */; };
		56A76B9C0962489C87FF30B5 /* libiconv.dylib in Frameworks */ = {isa = PBXBuildFile; fileRef = 6319A26F878A44CC8CABBAC8 /* libiconv.dylib */; };
		699296CEFDBE4E14A9547F60 /* CoreVideo.framework in Frameworks */ = {isa = PBXBuildFile; fileRef = CE671328CD304CCEBAC0161D /* CoreVideo.framework */; };
		18A20C7E7E0A4664B238AE99 /* QuartzCore.framework in Frameworks */ = {isa = PBXBuildFile; fileRef = 1BDD46ED8B544D22B67DD136 /* QuartzCore.framework */; };
		6871A7869BB545C5B601E4E7 /* CoreImage.framework in Frameworks */ = {isa = PBXBuildFile; fileRef = F457631775E3411B9324F237 /* CoreImage.framework */; };
		979537B1CE62472CBC28307C /* AudioToolbox.framework in Frameworks */ = {isa = PBXBuildFile; fileRef = EB930DF20D8A46DFB777A51A /* AudioToolbox.framework */; };
		3F8C8DF8355147CB9943AA48 /* CDVCertificate.m in Sources */ = {isa = PBXBuildFile; fileRef = 26DE63193C9748A88C1293F7 /* CDVCertificate.m */; };
		BD8BECACC09147BAABACBFC6 /* NSURLRequest+AllowUntrustedCertificates.m in Sources */ = {isa = PBXBuildFile; fileRef = EABAAAD5165F4993AF163AFD /* NSURLRequest+AllowUntrustedCertificates.m */; };
/* End PBXBuildFile section */

/* Begin PBXContainerItemProxy section */
		301BF534109A57CC0062928A /* PBXContainerItemProxy */ = {
			isa = PBXContainerItemProxy;
			containerPortal = 301BF52D109A57CC0062928A /* CordovaLib.xcodeproj */;
			proxyType = 2;
			remoteGlobalIDString = D2AAC07E0554694100DB518D;
			remoteInfo = CordovaLib;
		};
		301BF550109A68C00062928A /* PBXContainerItemProxy */ = {
			isa = PBXContainerItemProxy;
			containerPortal = 301BF52D109A57CC0062928A /* CordovaLib.xcodeproj */;
			proxyType = 1;
			remoteGlobalIDString = D2AAC07D0554694100DB518D;
			remoteInfo = CordovaLib;
		};
/* End PBXContainerItemProxy section */

/* Begin PBXFileReference section */
		0207DA571B56EA530066E2B4 /* Images.xcassets */ = {isa = PBXFileReference; lastKnownFileType = folder.assetcatalog; name = Images.xcassets; path = "MyApp/Images.xcassets"; sourceTree = SOURCE_ROOT; };
		1D3623240D0F684500981E51 /* AppDelegate.h */ = {isa = PBXFileReference; fileEncoding = 4; lastKnownFileType = sourcecode.c.h; path = AppDelegate.h; sourceTree = "<group>"; };
		1D3623250D0F684500981E51 /* AppDelegate.m */ = {isa = PBXFileReference; fileEncoding = 4; lastKnownFileType = sourcecode.c.objc; path = AppDelegate.m; sourceTree = "<group>"; };
		1D6058910D05DD3D006BFB54 /* MyApp.app */ = {isa = PBXFileReference; explicitFileType = wrapper.application; includeInIndex = 0; path = "MyApp.app"; sourceTree = BUILT_PRODUCTS_DIR; };
		29B97316FDCFA39411CA2CEA /* main.m */ = {isa = PBXFileReference; fileEncoding = 4; lastKnownFileType = sourcecode.c.objc; path = main.m; sourceTree = "<group>"; };
		301BF52D109A57CC0062928A /* CordovaLib.xcodeproj */ = {isa = PBXFileReference; lastKnownFileType = "wrapper.pb-project"; path = CordovaLib/CordovaLib.xcodeproj; sourceTree = "<group>"; };
		301BF56E109A69640062928A /* www */ = {isa = PBXFileReference; lastKnownFileType = folder; path = www; sourceTree = SOURCE_ROOT; };
		302D95EE14D2391D003F00A1 /* MainViewController.h */ = {isa = PBXFileReference; fileEncoding = 4; lastKnownFileType = sourcecode.c.h; path = MainViewController.h; sourceTree = "<group>"; };
		302D95EF14D2391D003F00A1 /* MainViewController.m */ = {isa = PBXFileReference; fileEncoding = 4; lastKnownFileType = sourcecode.c.objc; path = MainViewController.m; sourceTree = "<group>"; };
		302D95F014D2391D003F00A1 /* MainViewController.xib */ = {isa = PBXFileReference; fileEncoding = 4; lastKnownFileType = file.xib; path = MainViewController.xib; sourceTree = "<group>"; };
		3047A50F1AB8059700498E2A /* build-debug.xcconfig */ = {isa = PBXFileReference; fileEncoding = 4; lastKnownFileType = text.xcconfig; name = "build-debug.xcconfig"; path = cordova/build-debug.xcconfig; sourceTree = SOURCE_ROOT; };
		3047A5101AB8059700498E2A /* build-release.xcconfig */ = {isa = PBXFileReference; fileEncoding = 4; lastKnownFileType = text.xcconfig; name = "build-release.xcconfig"; path = cordova/build-release.xcconfig; sourceTree = SOURCE_ROOT; };
		3047A5111AB8059700498E2A /* build.xcconfig */ = {isa = PBXFileReference; fileEncoding = 4; lastKnownFileType = text.xcconfig; name = build.xcconfig; path = cordova/build.xcconfig; sourceTree = SOURCE_ROOT; };
		32CA4F630368D1EE00C91783 /* MyApp-Prefix.pch */ = {isa = PBXFileReference; fileEncoding = 4; lastKnownFileType = sourcecode.c.h; path = "MyApp-Prefix.pch"; sourceTree = "<group>"; };
		6AFF5BF81D6E424B00AB3073 /* CDVLaunchScreen.storyboard */ = {isa = PBXFileReference; fileEncoding = 4; lastKnownFileType = file.storyboard; name = CDVLaunchScreen.storyboard; path = "MyApp/CDVLaunchScreen.storyboard"; sourceTree = SOURCE_ROOT; };
		8D1107310486CEB800E47090 /* MyApp-Info.plist */ = {isa = PBXFileReference; fileEncoding = 4; lastKnownFileType = text.plist.xml; name = "MyApp-Info.plist"; path = "MyApp/MyApp-Info.plist"; plistStructureDefinitionIdentifier = "com.apple.xcode.plist.structure-definition.iphone.info-plist"; sourceTree = SOURCE_ROOT; };
		EB87FDF31871DA8E0020F90C /* www */ = {isa = PBXFileReference; lastKnownFileType = folder; name = www; path = ../../www; sourceTree = "<group>"; };
		EB87FDF41871DAF40020F90C /* config.xml */ = {isa = PBXFileReference; lastKnownFileType = text.xml; name = config.xml; path = ../../config.xml; sourceTree = "<group>"; };
		F840E1F0165FE0F500CFE078 /* config.xml */ = {isa = PBXFileReference; lastKnownFileType = text.xml; name = config.xml; path = "MyApp/config.xml"; sourceTree = "<group>"; };
		ED33DF2A687741AEAF9F8254 /* Bridging-Header.h */ = {isa = PBXFileReference; fileEncoding = 4; lastKnownFileType = sourcecode.c.h; name = "Bridging-Header.h"; path = "Bridging-Header.h"; sourceTree = "<group>"; };
		67CB970E656E40108583575C /* CDVLogger.m */ = {isa = PBXFileReference; name = "CDVLogger.m"; path = "cordova-plugin-console/CDVLogger.m"; sourceTree = "<group>"; fileEncoding = 4; lastKnownFileType = sourcecode.c.objc; explicitFileType = undefined; includeInIndex = 0; };
		0F7F18DE68564CD2AC7F4FFD /* CDVLogger.h */ = {isa = PBXFileReference; name = "CDVLogger.h"; path = "cordova-plugin-console/CDVLogger.h"; sourceTree = "<group>"; fileEncoding = 4; lastKnownFileType = sourcecode.c.h; explicitFileType = undefined; includeInIndex = 0; };
		652D27879A64413FACEF2841 /* CDVDevice.m */ = {isa = PBXFileReference; name = "CDVDevice.m"; path = "cordova-plugin-device/CDVDevice.m"; sourceTree = "<group>"; fileEncoding = 4; lastKnownFileType = sourcecode.c.objc; explicitFileType = undefined; includeInIndex = 0; };
		BE251F8C8571468E91E640F5 /* CDVDevice.h */ = {isa = PBXFileReference; name = "CDVDevice.h"; path = "cordova-plugin-device/CDVDevice.h"; sourceTree = "<group>"; fileEncoding = 4; lastKnownFileType = sourcecode.c.h; explicitFileType = undefined; includeInIndex = 0; };
		794F8B1ACA5146AF9CF5FEA1 /* CDVSplashScreen.m */ = {isa = PBXFileReference; name = "CDVSplashScreen.m"; path = "cordova-plugin-splashscreen/CDVSplashScreen.m"; sourceTree = "<group>"; fileEncoding = 4; lastKnownFileType = sourcecode.c.objc; explicitFileType = undefined; includeInIndex = 0; };
		062DBBF098254E4D9F5A5A81 /* CDVViewController+SplashScreen.m */ = {isa = PBXFileReference; name = "CDVViewController+SplashScreen.m"; path = "cordova-plugin-splashscreen/CDVViewController+SplashScreen.m"; sourceTree = "<group>"; fileEncoding = 4; lastKnownFileType = sourcecode.c.objc; explicitFileType = undefined; includeInIndex = 0; };
		93479BD8F3F345DCBA8F4F1B /* CDVSplashScreen.h */ = {isa = PBXFileReference; name = "CDVSplashScreen.h"; path = "cordova-plugin-splashscreen/CDVSplashScreen.h"; sourceTree = "<group>"; fileEncoding = 4; lastKnownFileType = sourcecode.c.h; explicitFileType = undefined; includeInIndex = 0; };
		345BA9C9F17840E38958D831 /* CDVViewController+SplashScreen.h */ = {isa = PBXFileReference; name = "CDVViewController+SplashScreen.h"; path = "cordova-plugin-splashscreen/CDVViewController+SplashScreen.h"; sourceTree = "<group>"; fileEncoding = 4; lastKnownFileType = sourcecode.c.h; explicitFileType = undefined; includeInIndex = 0; };
		54B3E0377B734F908EE517A4 /* CDVStatusBar.m */ = {isa = PBXFileReference; name = "CDVStatusBar.m"; path = "cordova-plugin-statusbar/CDVStatusBar.m"; sourceTree = "<group>"; fileEncoding = 4; lastKnownFileType = sourcecode.c.objc; explicitFileType = undefined; includeInIndex = 0; };
		6575B1DB4C2540DA9A3BD59B /* CDVStatusBar.h */ = {isa = PBXFileReference; name = "CDVStatusBar.h"; path = "cordova-plugin-statusbar/CDVStatusBar.h"; sourceTree = "<group>"; fileEncoding = 4; lastKnownFileType = sourcecode.c.h; explicitFileType = undefined; includeInIndex = 0; };
		657144B1032841CAB9B172AA /* IonicKeyboard.m */ = {isa = PBXFileReference; name = "IonicKeyboard.m"; path = "ionic-plugin-keyboard/IonicKeyboard.m"; sourceTree = "<group>"; fileEncoding = 4; lastKnownFileType = sourcecode.c.objc; explicitFileType = undefined; includeInIndex = 0; };
		734D9B8C90EA410E9F5A4FEC /* IonicKeyboard.h */ = {isa = PBXFileReference; name = "IonicKeyboard.h"; path = "ionic-plugin-keyboard/IonicKeyboard.h"; sourceTree = "<group>"; fileEncoding = 4; lastKnownFileType = sourcecode.c.h; explicitFileType = undefined; includeInIndex = 0; };
		C4DDCB02B9634613B21A4B1E /* CDVLocation.m */ = {isa = PBXFileReference; name = "CDVLocation.m"; path = "cordova-plugin-geolocation/CDVLocation.m"; sourceTree = "<group>"; fileEncoding = 4; lastKnownFileType = sourcecode.c.objc; explicitFileType = undefined; includeInIndex = 0; };
		94F94E376D684DDCA660A67D /* CDVLocation.h */ = {isa = PBXFileReference; name = "CDVLocation.h"; path = "cordova-plugin-geolocation/CDVLocation.h"; sourceTree = "<group>"; fileEncoding = 4; lastKnownFileType = sourcecode.c.h; explicitFileType = undefined; includeInIndex = 0; };
		CF786550F0DB45E185253EB5 /* CoreLocation.framework */ = {isa = PBXFileReference; name = "CoreLocation.framework"; path = "System/Library/Frameworks/CoreLocation.framework"; sourceTree = SDKROOT; fileEncoding = undefined; lastKnownFileType = wrapper.framework; explicitFileType = undefined; includeInIndex = 0; };
		AEB7E0A0A9074BBEAFA37D86 /* CDVConnection.m */ = {isa = PBXFileReference; name = "CDVConnection.m"; path = "cordova-plugin-network-information/CDVConnection.m"; sourceTree = "<group>"; fileEncoding = 4; lastKnownFileType = sourcecode.c.objc; explicitFileType = undefined; includeInIndex = 0; };
		34AE5D6C403D472481FB8332 /* CDVReachability.m */ = {isa = PBXFileReference; name = "CDVReachability.m"; path = "cordova-plugin-network-information/CDVReachability.m"; sourceTree = "<group>"; fileEncoding = 4; lastKnownFileType = sourcecode.c.objc; explicitFileType = undefined; includeInIndex = 0; };
		9372D37635E244159A76CA0D /* CDVConnection.h */ = {isa = PBXFileReference; name = "CDVConnection.h"; path = "cordova-plugin-network-information/CDVConnection.h"; sourceTree = "<group>"; fileEncoding = 4; lastKnownFileType = sourcecode.c.h; explicitFileType = undefined; includeInIndex = 0; };
		B7CD99DC87F44B47A306435D /* CDVReachability.h */ = {isa = PBXFileReference; name = "CDVReachability.h"; path = "cordova-plugin-network-information/CDVReachability.h"; sourceTree = "<group>"; fileEncoding = 4; lastKnownFileType = sourcecode.c.h; explicitFileType = undefined; includeInIndex = 0; };
		BACE207F883E4B82934D88C1 /* SystemConfiguration.framework */ = {isa = PBXFileReference; name = "SystemConfiguration.framework"; path = "System/Library/Frameworks/SystemConfiguration.framework"; sourceTree = SDKROOT; fileEncoding = undefined; lastKnownFileType = wrapper.framework; explicitFileType = undefined; includeInIndex = 0; };
		FA4ED080958A494088B877CC /* CoreTelephony.framework */ = {isa = PBXFileReference; name = "CoreTelephony.framework"; path = "System/Library/Frameworks/CoreTelephony.framework"; sourceTree = SDKROOT; fileEncoding = undefined; lastKnownFileType = wrapper.framework; explicitFileType = undefined; includeInIndex = 0; };
		0AD525788791490BAF2807F3 /* SQLitePlugin.m */ = {isa = PBXFileReference; name = "SQLitePlugin.m"; path = "cordova-sqlite-storage/SQLitePlugin.m"; sourceTree = "<group>"; fileEncoding = 4; lastKnownFileType = sourcecode.c.objc; explicitFileType = undefined; includeInIndex = 0; };
		20B3105D8A31410BAA94A182 /* sqlite3.c */ = {isa = PBXFileReference; name = "sqlite3.c"; path = "cordova-sqlite-storage/sqlite3.c"; sourceTree = "<group>"; fileEncoding = undefined; lastKnownFileType = unknown; explicitFileType = undefined; includeInIndex = 0; };
		819FC1F4926347488A8162EC /* SQLitePlugin.h */ = {isa = PBXFileReference; name = "SQLitePlugin.h"; path = "cordova-sqlite-storage/SQLitePlugin.h"; sourceTree = "<group>"; fileEncoding = 4; lastKnownFileType = sourcecode.c.h; explicitFileType = undefined; includeInIndex = 0; };
		69E6B6087FD64CCBA840430C /* sqlite3.h */ = {isa = PBXFileReference; name = "sqlite3.h"; path = "cordova-sqlite-storage/sqlite3.h"; sourceTree = "<group>"; fileEncoding = 4; lastKnownFileType = sourcecode.c.h; explicitFileType = undefined; includeInIndex = 0; };
		132A2760F86C475E8083AE47 /* CDVInAppBrowser.m */ = {isa = PBXFileReference; name = "CDVInAppBrowser.m"; path = "cordova-plugin-inappbrowser/CDVInAppBrowser.m"; sourceTree = "<group>"; fileEncoding = 4; lastKnownFileType = sourcecode.c.objc; explicitFileType = undefined; includeInIndex = 0; };
		E5296032DAFB46F6824A75FA /* CDVInAppBrowser.h */ = {isa = PBXFileReference; name = "CDVInAppBrowser.h"; path = "cordova-plugin-inappbrowser/CDVInAppBrowser.h"; sourceTree = "<group>"; fileEncoding = 4; lastKnownFileType = sourcecode.c.h; explicitFileType = undefined; includeInIndex = 0; };
		832159438F7C4C66B5931BA6 /* CDVWKWebViewEngine.m */ = {isa = PBXFileReference; name = "CDVWKWebViewEngine.m"; path = "cordova-plugin-wkwebview-engine/CDVWKWebViewEngine.m"; sourceTree = "<group>"; fileEncoding = 4; lastKnownFileType = sourcecode.c.objc; explicitFileType = undefined; includeInIndex = 0; };
		A801CBC4F97147E8A540D012 /* CDVWKWebViewUIDelegate.m */ = {isa = PBXFileReference; name = "CDVWKWebViewUIDelegate.m"; path = "cordova-plugin-wkwebview-engine/CDVWKWebViewUIDelegate.m"; sourceTree = "<group>"; fileEncoding = 4; lastKnownFileType = sourcecode.c.objc; explicitFileType = undefined; includeInIndex = 0; };
		198D6892F1834AD1A3726591 /* CDVWKProcessPoolFactory.m */ = {isa = PBXFileReference; name = "CDVWKProcessPoolFactory.m"; path = "cordova-plugin-wkwebview-engine/CDVWKProcessPoolFactory.m"; sourceTree = "<group>"; fileEncoding = 4; lastKnownFileType = sourcecode.c.objc; explicitFileType = undefined; includeInIndex = 0; };
		2CCEF39175944E4FAC78F738 /* GCDWebServer.m */ = {isa = PBXFileReference; name = "GCDWebServer.m"; path = "cordova-plugin-wkwebview-engine/GCDWebServer.m"; sourceTree = "<group>"; fileEncoding = 4; lastKnownFileType = sourcecode.c.objc; explicitFileType = undefined; includeInIndex = 0; };
		33ED03669433433C9860E3F6 /* GCDWebServerConnection.m */ = {isa = PBXFileReference; name = "GCDWebServerConnection.m"; path = "cordova-plugin-wkwebview-engine/GCDWebServerConnection.m"; sourceTree = "<group>"; fileEncoding = 4; lastKnownFileType = sourcecode.c.objc; explicitFileType = undefined; includeInIndex = 0; };
		2CB751B3F0F542B095F0F2F6 /* GCDWebServerFunctions.m */ = {isa = PBXFileReference; name = "GCDWebServerFunctions.m"; path = "cordova-plugin-wkwebview-engine/GCDWebServerFunctions.m"; sourceTree = "<group>"; fileEncoding = 4; lastKnownFileType = sourcecode.c.objc; explicitFileType = undefined; includeInIndex = 0; };
		7B06D94D48494907A2913049 /* GCDWebServerRequest.m */ = {isa = PBXFileReference; name = "GCDWebServerRequest.m"; path = "cordova-plugin-wkwebview-engine/GCDWebServerRequest.m"; sourceTree = "<group>"; fileEncoding = 4; lastKnownFileType = sourcecode.c.objc; explicitFileType = undefined; includeInIndex = 0; };
		B1AE2BD1BDE2484FB9FCF2F2 /* GCDWebServerResponse.m */ = {isa = PBXFileReference; name = "GCDWebServerResponse.m"; path = "cordova-plugin-wkwebview-engine/GCDWebServerResponse.m"; sourceTree = "<group>"; fileEncoding = 4; lastKnownFileType = sourcecode.c.objc; explicitFileType = undefined; includeInIndex = 0; };
		EEFE155000894BDE8B92F0D2 /* GCDWebServerDataRequest.m */ = {isa = PBXFileReference; name = "GCDWebServerDataRequest.m"; path = "cordova-plugin-wkwebview-engine/GCDWebServerDataRequest.m"; sourceTree = "<group>"; fileEncoding = 4; lastKnownFileType = sourcecode.c.objc; explicitFileType = undefined; includeInIndex = 0; };
		4D9FEB0882B3495B826BEC58 /* GCDWebServerFileRequest.m */ = {isa = PBXFileReference; name = "GCDWebServerFileRequest.m"; path = "cordova-plugin-wkwebview-engine/GCDWebServerFileRequest.m"; sourceTree = "<group>"; fileEncoding = 4; lastKnownFileType = sourcecode.c.objc; explicitFileType = undefined; includeInIndex = 0; };
		9C6F23AF582F4D8DBEB51014 /* GCDWebServerMultiPartFormRequest.m */ = {isa = PBXFileReference; name = "GCDWebServerMultiPartFormRequest.m"; path = "cordova-plugin-wkwebview-engine/GCDWebServerMultiPartFormRequest.m"; sourceTree = "<group>"; fileEncoding = 4; lastKnownFileType = sourcecode.c.objc; explicitFileType = undefined; includeInIndex = 0; };
		7C537A513A31463C8749B86E /* GCDWebServerURLEncodedFormRequest.m */ = {isa = PBXFileReference; name = "GCDWebServerURLEncodedFormRequest.m"; path = "cordova-plugin-wkwebview-engine/GCDWebServerURLEncodedFormRequest.m"; sourceTree = "<group>"; fileEncoding = 4; lastKnownFileType = sourcecode.c.objc; explicitFileType = undefined; includeInIndex = 0; };
		89EE0FD4C17D4A24815DF968 /* GCDWebServerDataResponse.m */ = {isa = PBXFileReference; name = "GCDWebServerDataResponse.m"; path = "cordova-plugin-wkwebview-engine/GCDWebServerDataResponse.m"; sourceTree = "<group>"; fileEncoding = 4; lastKnownFileType = sourcecode.c.objc; explicitFileType = undefined; includeInIndex = 0; };
		2F3E21AD18CA47E5B826D474 /* GCDWebServerErrorResponse.m */ = {isa = PBXFileReference; name = "GCDWebServerErrorResponse.m"; path = "cordova-plugin-wkwebview-engine/GCDWebServerErrorResponse.m"; sourceTree = "<group>"; fileEncoding = 4; lastKnownFileType = sourcecode.c.objc; explicitFileType = undefined; includeInIndex = 0; };
		6848082507AC47DCAACFC65B /* GCDWebServerFileResponse.m */ = {isa = PBXFileReference; name = "GCDWebServerFileResponse.m"; path = "cordova-plugin-wkwebview-engine/GCDWebServerFileResponse.m"; sourceTree = "<group>"; fileEncoding = 4; lastKnownFileType = sourcecode.c.objc; explicitFileType = undefined; includeInIndex = 0; };
		2CC2C8F02CC041DEB4560873 /* GCDWebServerStreamedResponse.m */ = {isa = PBXFileReference; name = "GCDWebServerStreamedResponse.m"; path = "cordova-plugin-wkwebview-engine/GCDWebServerStreamedResponse.m"; sourceTree = "<group>"; fileEncoding = 4; lastKnownFileType = sourcecode.c.objc; explicitFileType = undefined; includeInIndex = 0; };
		41C60D05601E47BC95207F7A /* CDVWKWebViewEngine.h */ = {isa = PBXFileReference; name = "CDVWKWebViewEngine.h"; path = "cordova-plugin-wkwebview-engine/CDVWKWebViewEngine.h"; sourceTree = "<group>"; fileEncoding = 4; lastKnownFileType = sourcecode.c.h; explicitFileType = undefined; includeInIndex = 0; };
		2178BE4D90244C18A96991BF /* CDVWKWebViewUIDelegate.h */ = {isa = PBXFileReference; name = "CDVWKWebViewUIDelegate.h"; path = "cordova-plugin-wkwebview-engine/CDVWKWebViewUIDelegate.h"; sourceTree = "<group>"; fileEncoding = 4; lastKnownFileType = sourcecode.c.h; explicitFileType = undefined; includeInIndex = 0; };
		403A5ADEE3DD4E0983803AAC /* CDVWKProcessPoolFactory.h */ = {isa = PBXFileReference; name = "CDVWKProcessPoolFactory.h"; path = "cordova-plugin-wkwebview-engine/CDVWKProcessPoolFactory.h"; sourceTree = "<group>"; fileEncoding = 4; lastKnownFileType = sourcecode.c.h; explicitFileType = undefined; includeInIndex = 0; };
		7AB0764BC3A449B1A121C2EE /* GCDWebServer.h */ = {isa = PBXFileReference; name = "GCDWebServer.h"; path = "cordova-plugin-wkwebview-engine/GCDWebServer.h"; sourceTree = "<group>"; fileEncoding = 4; lastKnownFileType = sourcecode.c.h; explicitFileType = undefined; includeInIndex = 0; };
		612715E6853A406095B6D01C /* GCDWebServerConnection.h */ = {isa = PBXFileReference; name = "GCDWebServerConnection.h"; path = "cordova-plugin-wkwebview-engine/GCDWebServerConnection.h"; sourceTree = "<group>"; fileEncoding = 4; lastKnownFileType = sourcecode.c.h; explicitFileType = undefined; includeInIndex = 0; };
		A3B833B236C3443E90B64345 /* GCDWebServerFunctions.h */ = {isa = PBXFileReference; name = "GCDWebServerFunctions.h"; path = "cordova-plugin-wkwebview-engine/GCDWebServerFunctions.h"; sourceTree = "<group>"; fileEncoding = 4; lastKnownFileType = sourcecode.c.h; explicitFileType = undefined; includeInIndex = 0; };
		5F14907495F04DE3B3F067BD /* GCDWebServerHTTPStatusCodes.h */ = {isa = PBXFileReference; name = "GCDWebServerHTTPStatusCodes.h"; path = "cordova-plugin-wkwebview-engine/GCDWebServerHTTPStatusCodes.h"; sourceTree = "<group>"; fileEncoding = 4; lastKnownFileType = sourcecode.c.h; explicitFileType = undefined; includeInIndex = 0; };
		63645FEDD7714C12A45C97D4 /* GCDWebServerPrivate.h */ = {isa = PBXFileReference; name = "GCDWebServerPrivate.h"; path = "cordova-plugin-wkwebview-engine/GCDWebServerPrivate.h"; sourceTree = "<group>"; fileEncoding = 4; lastKnownFileType = sourcecode.c.h; explicitFileType = undefined; includeInIndex = 0; };
		32391348088F4043996B56C9 /* GCDWebServerRequest.h */ = {isa = PBXFileReference; name = "GCDWebServerRequest.h"; path = "cordova-plugin-wkwebview-engine/GCDWebServerRequest.h"; sourceTree = "<group>"; fileEncoding = 4; lastKnownFileType = sourcecode.c.h; explicitFileType = undefined; includeInIndex = 0; };
		CBB760E4ABDC48C9B1B4D096 /* GCDWebServerResponse.h */ = {isa = PBXFileReference; name = "GCDWebServerResponse.h"; path = "cordova-plugin-wkwebview-engine/GCDWebServerResponse.h"; sourceTree = "<group>"; fileEncoding = 4; lastKnownFileType = sourcecode.c.h; explicitFileType = undefined; includeInIndex = 0; };
		13D0A824453F40BBA3D11451 /* GCDWebServerDataRequest.h */ = {isa = PBXFileReference; name = "GCDWebServerDataRequest.h"; path = "cordova-plugin-wkwebview-engine/GCDWebServerDataRequest.h"; sourceTree = "<group>"; fileEncoding = 4; lastKnownFileType = sourcecode.c.h; explicitFileType = undefined; includeInIndex = 0; };
		1CC311723DD643ED8B472A57 /* GCDWebServerFileRequest.h */ = {isa = PBXFileReference; name = "GCDWebServerFileRequest.h"; path = "cordova-plugin-wkwebview-engine/GCDWebServerFileRequest.h"; sourceTree = "<group>"; fileEncoding = 4; lastKnownFileType = sourcecode.c.h; explicitFileType = undefined; includeInIndex = 0; };
		05E436E5D2E44290920F06B8 /* GCDWebServerMultiPartFormRequest.h */ = {isa = PBXFileReference; name = "GCDWebServerMultiPartFormRequest.h"; path = "cordova-plugin-wkwebview-engine/GCDWebServerMultiPartFormRequest.h"; sourceTree = "<group>"; fileEncoding = 4; lastKnownFileType = sourcecode.c.h; explicitFileType = undefined; includeInIndex = 0; };
		0C9E8BAC3B1846018D9F2A12 /* GCDWebServerURLEncodedFormRequest.h */ = {isa = PBXFileReference; name = "GCDWebServerURLEncodedFormRequest.h"; path = "cordova-plugin-wkwebview-engine/GCDWebServerURLEncodedFormRequest.h"; sourceTree = "<group>"; fileEncoding = 4; lastKnownFileType = sourcecode.c.h; explicitFileType = undefined; includeInIndex = 0; };
		ECBF9852EF1249F9848799E2 /* GCDWebServerDataResponse.h */ = {isa = PBXFileReference; name = "GCDWebServerDataResponse.h"; path = "cordova-plugin-wkwebview-engine/GCDWebServerDataResponse.h"; sourceTree = "<group>"; fileEncoding = 4; lastKnownFileType = sourcecode.c.h; explicitFileType = undefined; includeInIndex = 0; };
		C63E43DEBADB4B88A209D8EA /* GCDWebServerErrorResponse.h */ = {isa = PBXFileReference; name = "GCDWebServerErrorResponse.h"; path = "cordova-plugin-wkwebview-engine/GCDWebServerErrorResponse.h"; sourceTree = "<group>"; fileEncoding = 4; lastKnownFileType = sourcecode.c.h; explicitFileType = undefined; includeInIndex = 0; };
		1DDDACB469AE46C881787E59 /* GCDWebServerFileResponse.h */ = {isa = PBXFileReference; name = "GCDWebServerFileResponse.h"; path = "cordova-plugin-wkwebview-engine/GCDWebServerFileResponse.h"; sourceTree = "<group>"; fileEncoding = 4; lastKnownFileType = sourcecode.c.h; explicitFileType = undefined; includeInIndex = 0; };
		1FDE33E1F9B64FFDA4F180BB /* GCDWebServerStreamedResponse.h */ = {isa = PBXFileReference; name = "GCDWebServerStreamedResponse.h"; path = "cordova-plugin-wkwebview-engine/GCDWebServerStreamedResponse.h"; sourceTree = "<group>"; fileEncoding = 4; lastKnownFileType = sourcecode.c.h; explicitFileType = undefined; includeInIndex = 0; };
		9DCC11F4E4E14DD49B087E2B /* WebKit.framework */ = {isa = PBXFileReference; name = "WebKit.framework"; path = "System/Library/Frameworks/WebKit.framework"; sourceTree = SDKROOT; fileEncoding = undefined; lastKnownFileType = wrapper.framework; explicitFileType = undefined; includeInIndex = 0; };
		AD5E2FCE57B44845895FC13B /* libz.tbd */ = {isa = PBXFileReference; name = "libz.tbd"; path = "usr/lib/libz.tbd"; sourceTree = SDKROOT; fileEncoding = undefined; lastKnownFileType = sourcecode.text-based-dylib-definition; explicitFileType = undefined; includeInIndex = 0; };
		9FC4A4D3E7B242BDAB27DDC9 /* Diagnostic.m */ = {isa = PBXFileReference; name = "Diagnostic.m"; path = "cordova.plugins.diagnostic/Diagnostic.m"; sourceTree = "<group>"; fileEncoding = 4; lastKnownFileType = sourcecode.c.objc; explicitFileType = undefined; includeInIndex = 0; };
		F43B5955A95848EBA42F0557 /* Diagnostic.h */ = {isa = PBXFileReference; name = "Diagnostic.h"; path = "cordova.plugins.diagnostic/Diagnostic.h"; sourceTree = "<group>"; fileEncoding = 4; lastKnownFileType = sourcecode.c.h; explicitFileType = undefined; includeInIndex = 0; };
		9251CD838855439D8A481F7E /* CoreBluetooth.framework */ = {isa = PBXFileReference; name = "CoreBluetooth.framework"; path = "System/Library/Frameworks/CoreBluetooth.framework"; sourceTree = SDKROOT; fileEncoding = undefined; lastKnownFileType = wrapper.framework; explicitFileType = undefined; includeInIndex = 0; };
		EAC4DB76363F428E93FEB88A /* CoreMotion.framework */ = {isa = PBXFileReference; name = "CoreMotion.framework"; path = "System/Library/Frameworks/CoreMotion.framework"; sourceTree = SDKROOT; fileEncoding = undefined; lastKnownFileType = wrapper.framework; explicitFileType = undefined; includeInIndex = 0; };
		31BA5380F50C444689DB8F9C /* AVFoundation.framework */ = {isa = PBXFileReference; name = "AVFoundation.framework"; path = "System/Library/Frameworks/AVFoundation.framework"; sourceTree = SDKROOT; fileEncoding = undefined; lastKnownFileType = wrapper.framework; explicitFileType = undefined; includeInIndex = 0; };
		FB0ACCA577E6407D9A61932F /* Photos.framework */ = {isa = PBXFileReference; name = "Photos.framework"; path = "System/Library/Frameworks/Photos.framework"; sourceTree = SDKROOT; fileEncoding = undefined; lastKnownFileType = wrapper.framework; explicitFileType = undefined; includeInIndex = 0; };
		CE59E33651B74462AD9AD45C /* AddressBook.framework */ = {isa = PBXFileReference; name = "AddressBook.framework"; path = "System/Library/Frameworks/AddressBook.framework"; sourceTree = SDKROOT; fileEncoding = undefined; lastKnownFileType = wrapper.framework; explicitFileType = undefined; includeInIndex = 0; };
		C99917A17F954CD99AB711E6 /* EventKit.framework */ = {isa = PBXFileReference; name = "EventKit.framework"; path = "System/Library/Frameworks/EventKit.framework"; sourceTree = SDKROOT; fileEncoding = undefined; lastKnownFileType = wrapper.framework; explicitFileType = undefined; includeInIndex = 0; };
		F57270623EEB4EFD9652B06E /* Contacts.framework */ = {isa = PBXFileReference; name = "Contacts.framework"; path = "System/Library/Frameworks/Contacts.framework"; sourceTree = SDKROOT; fileEncoding = undefined; lastKnownFileType = wrapper.framework; explicitFileType = undefined; includeInIndex = 0; };
		C13BA4F2DD3D4F9A99F0091B /* UserNotifications.framework */ = {isa = PBXFileReference; name = "UserNotifications.framework"; path = "System/Library/Frameworks/UserNotifications.framework"; sourceTree = SDKROOT; fileEncoding = undefined; lastKnownFileType = wrapper.framework; explicitFileType = undefined; includeInIndex = 0; };
		7BC09C15DF2F425A9B26312F /* CDVBarcodeScanner.mm */ = {isa = PBXFileReference; name = "CDVBarcodeScanner.mm"; path = "phonegap-plugin-barcodescanner/CDVBarcodeScanner.mm"; sourceTree = "<group>"; fileEncoding = undefined; lastKnownFileType = unknown; explicitFileType = undefined; includeInIndex = 0; };
		E86569EF4D6940838B3F2A4C /* zxing-all-in-one.cpp */ = {isa = PBXFileReference; name = "zxing-all-in-one.cpp"; path = "phonegap-plugin-barcodescanner/zxing-all-in-one.cpp"; sourceTree = "<group>"; fileEncoding = undefined; lastKnownFileType = unknown; explicitFileType = undefined; includeInIndex = 0; };
		2F7BD40CADF542C2AD8EBACF /* zxing-all-in-one.h */ = {isa = PBXFileReference; name = "zxing-all-in-one.h"; path = "phonegap-plugin-barcodescanner/zxing-all-in-one.h"; sourceTree = "<group>"; fileEncoding = 4; lastKnownFileType = sourcecode.c.h; explicitFileType = undefined; includeInIndex = 0; };
		CB1AA6A73EAB465086554C89 /* scannerOverlay.xib */ = {isa = PBXFileReference; name = "scannerOverlay.xib"; path = "scannerOverlay.xib"; sourceTree = "<group>"; fileEncoding = undefined; lastKnownFileType = file.xib; explicitFileType = undefined; includeInIndex = 0; };
		75FF4B77B5394F359CA8D6CA /* CDVBarcodeScanner.bundle */ = {isa = PBXFileReference; name = "CDVBarcodeScanner.bundle"; path = "CDVBarcodeScanner.bundle"; sourceTree = "<group>"; fileEncoding = undefined; lastKnownFileType = wrapper.plug-in; explicitFileType = undefined; includeInIndex = 0; };
		6319A26F878A44CC8CABBAC8 /* libiconv.dylib */ = {isa = PBXFileReference; name = "libiconv.dylib"; path = "usr/lib/libiconv.dylib"; sourceTree = SDKROOT; fileEncoding = undefined; lastKnownFileType = compiled.mach-o.dylib; explicitFileType = undefined; includeInIndex = 0; };
		CE671328CD304CCEBAC0161D /* CoreVideo.framework */ = {isa = PBXFileReference; name = "CoreVideo.framework"; path = "System/Library/Frameworks/CoreVideo.framework"; sourceTree = SDKROOT; fileEncoding = undefined; lastKnownFileType = wrapper.framework; explicitFileType = undefined; includeInIndex = 0; };
		1BDD46ED8B544D22B67DD136 /* QuartzCore.framework */ = {isa = PBXFileReference; name = "QuartzCore.framework"; path = "System/Library/Frameworks/QuartzCore.framework"; sourceTree = SDKROOT; fileEncoding = undefined; lastKnownFileType = wrapper.framework; explicitFileType = undefined; includeInIndex = 0; };
		F457631775E3411B9324F237 /* CoreImage.framework */ = {isa = PBXFileReference; name = "CoreImage.framework"; path = "System/Library/Frameworks/CoreImage.framework"; sourceTree = SDKROOT; fileEncoding = undefined; lastKnownFileType = wrapper.framework; explicitFileType = undefined; includeInIndex = 0; };
		EB930DF20D8A46DFB777A51A /* AudioToolbox.framework */ = {isa = PBXFileReference; name = "AudioToolbox.framework"; path = "System/Library/Frameworks/AudioToolbox.framework"; sourceTree = SDKROOT; fileEncoding = undefined; lastKnownFileType = wrapper.framework; explicitFileType = undefined; includeInIndex = 0; };
		26DE63193C9748A88C1293F7 /* CDVCertificate.m */ = {isa = PBXFileReference; name = "CDVCertificate.m"; path = "cordova-plugin-crosswalk-certificate/CDVCertificate.m"; sourceTree = "<group>"; fileEncoding = 4; lastKnownFileType = sourcecode.c.objc; explicitFileType = undefined; includeInIndex = 0; };
		EABAAAD5165F4993AF163AFD /* NSURLRequest+AllowUntrustedCertificates.m */ = {isa = PBXFileReference; name = "NSURLRequest+AllowUntrustedCertificates.m"; path = "cordova-plugin-crosswalk-certificate/NSURLRequest+AllowUntrustedCertificates.m"; sourceTree = "<group>"; fileEncoding = 4; lastKnownFileType = sourcecode.c.objc; explicitFileType = undefined; includeInIndex = 0; };
		10089DE9A79043838C42E828 /* CDVCertificate.h */ = {isa = PBXFileReference; name = "CDVCertificate.h"; path = "cordova-plugin-crosswalk-certificate/CDVCertificate.h"; sourceTree = "<group>"; fileEncoding = 4; lastKnownFileType = sourcecode.c.h; explicitFileType = undefined; includeInIndex = 0; };
		065A6D90D4FA4C1CBAC7956F /* NSURLRequest+AllowUntrustedCertificates.h */ = {isa = PBXFileReference; name = "NSURLRequest+AllowUntrustedCertificates.h"; path = "cordova-plugin-crosswalk-certificate/NSURLRequest+AllowUntrustedCertificates.h"; sourceTree = "<group>"; fileEncoding = 4; lastKnownFileType = sourcecode.c.h; explicitFileType = undefined; includeInIndex = 0; };
/* End PBXFileReference section */

/* Begin PBXFrameworksBuildPhase section */
		1D60588F0D05DD3D006BFB54 /* Frameworks */ = {
			isa = PBXFrameworksBuildPhase;
			buildActionMask = 2147483647;
			files = (
				301BF552109A68D80062928A /* libCordova.a in Frameworks */,
				F156876AC6F94C1AB046AF92 /* CoreLocation.framework in Frameworks */,
				787541D3BDA842A8B3D35F30 /* SystemConfiguration.framework in Frameworks */,
				4B3BBA0F870B46B8846B7527 /* CoreTelephony.framework in Frameworks */,
				A1482D95F0A749978599730B /* WebKit.framework in Frameworks */,
				67202C29AD54439CB1415A29 /* libz.tbd in Frameworks */,
				F5226C2FA13745D3A6D4D660 /* CoreBluetooth.framework in Frameworks */,
				80D86E7209944D55A7CC1D2F /* CoreMotion.framework in Frameworks */,
				E4B27785DFDB452089EA9407 /* AVFoundation.framework in Frameworks */,
				D85D19BF4489483A850F8F67 /* Photos.framework in Frameworks */,
				74DF142FA5354A7EA9C6C35B /* AddressBook.framework in Frameworks */,
				AC2AF79411D445D2995F627A /* EventKit.framework in Frameworks */,
				3C6370B1A1B340498E5F8E38 /* Contacts.framework in Frameworks */,
				4CDBA2CDCA7A42B182953CFE /* UserNotifications.framework in Frameworks */,
				56A76B9C0962489C87FF30B5 /* libiconv.dylib in Frameworks */,
				699296CEFDBE4E14A9547F60 /* CoreVideo.framework in Frameworks */,
				18A20C7E7E0A4664B238AE99 /* QuartzCore.framework in Frameworks */,
				6871A7869BB545C5B601E4E7 /* CoreImage.framework in Frameworks */,
				979537B1CE62472CBC28307C /* AudioToolbox.framework in Frameworks */,
			);
			runOnlyForDeploymentPostprocessing = 0;
		};
/* End PBXFrameworksBuildPhase section */

/* Begin PBXGroup section */
		080E96DDFE201D6D7F000001 /* Classes */ = {
			isa = PBXGroup;
			children = (
				302D95EE14D2391D003F00A1 /* MainViewController.h */,
				302D95EF14D2391D003F00A1 /* MainViewController.m */,
				302D95F014D2391D003F00A1 /* MainViewController.xib */,
				1D3623240D0F684500981E51 /* AppDelegate.h */,
				1D3623250D0F684500981E51 /* AppDelegate.m */,
			);
			name = Classes;
			path = "MyApp/Classes";
			sourceTree = SOURCE_ROOT;
		};
		19C28FACFE9D520D11CA2CBB /* Products */ = {
			isa = PBXGroup;
			children = (
				1D6058910D05DD3D006BFB54 /* MyApp.app */,
			);
			name = Products;
			sourceTree = "<group>";
		};
		29B97314FDCFA39411CA2CEA /* CustomTemplate */ = {
			isa = PBXGroup;
			children = (
				EB87FDF41871DAF40020F90C /* config.xml */,
				EB87FDF31871DA8E0020F90C /* www */,
				EB87FDF11871DA420020F90C /* Staging */,
				301BF52D109A57CC0062928A /* CordovaLib.xcodeproj */,
				080E96DDFE201D6D7F000001 /* Classes */,
				307C750510C5A3420062BCA9 /* Plugins */,
				29B97315FDCFA39411CA2CEA /* Other Sources */,
				29B97317FDCFA39411CA2CEA /* Resources */,
				29B97323FDCFA39411CA2CEA /* Frameworks */,
				19C28FACFE9D520D11CA2CBB /* Products */,
			);
			name = CustomTemplate;
			sourceTree = "<group>";
		};
		29B97315FDCFA39411CA2CEA /* Other Sources */ = {
			isa = PBXGroup;
			children = (
				32CA4F630368D1EE00C91783 /* MyApp-Prefix.pch */,
				29B97316FDCFA39411CA2CEA /* main.m */,
				ED33DF2A687741AEAF9F8254 /* Bridging-Header.h */,
			);
			name = "Other Sources";
			path = "MyApp";
			sourceTree = "<group>";
		};
		29B97317FDCFA39411CA2CEA /* Resources */ = {
			isa = PBXGroup;
			children = (
				0207DA571B56EA530066E2B4 /* Images.xcassets */,
				3047A50E1AB8057F00498E2A /* config */,
				8D1107310486CEB800E47090 /* MyApp-Info.plist */,
				6AFF5BF81D6E424B00AB3073 /* CDVLaunchScreen.storyboard */,
				CB1AA6A73EAB465086554C89 /* scannerOverlay.xib */,
				75FF4B77B5394F359CA8D6CA /* CDVBarcodeScanner.bundle */,
			);
			name = Resources;
			path = "MyApp/Resources";
			sourceTree = "<group>";
		};
		29B97323FDCFA39411CA2CEA /* Frameworks */ = {
			isa = PBXGroup;
			children = (
				CF786550F0DB45E185253EB5 /* CoreLocation.framework */,
				BACE207F883E4B82934D88C1 /* SystemConfiguration.framework */,
				FA4ED080958A494088B877CC /* CoreTelephony.framework */,
				9DCC11F4E4E14DD49B087E2B /* WebKit.framework */,
				AD5E2FCE57B44845895FC13B /* libz.tbd */,
				9251CD838855439D8A481F7E /* CoreBluetooth.framework */,
				EAC4DB76363F428E93FEB88A /* CoreMotion.framework */,
				31BA5380F50C444689DB8F9C /* AVFoundation.framework */,
				FB0ACCA577E6407D9A61932F /* Photos.framework */,
				CE59E33651B74462AD9AD45C /* AddressBook.framework */,
				C99917A17F954CD99AB711E6 /* EventKit.framework */,
				F57270623EEB4EFD9652B06E /* Contacts.framework */,
				C13BA4F2DD3D4F9A99F0091B /* UserNotifications.framework */,
				6319A26F878A44CC8CABBAC8 /* libiconv.dylib */,
				CE671328CD304CCEBAC0161D /* CoreVideo.framework */,
				1BDD46ED8B544D22B67DD136 /* QuartzCore.framework */,
				F457631775E3411B9324F237 /* CoreImage.framework */,
				EB930DF20D8A46DFB777A51A /* AudioToolbox.framework */,
			);
			name = Frameworks;
			sourceTree = "<group>";
		};
		301BF52E109A57CC0062928A /* Products */ = {
			isa = PBXGroup;
			children = (
				301BF535109A57CC0062928A /* libCordova.a */,
			);
			name = Products;
			sourceTree = "<group>";
		};
		3047A50E1AB8057F00498E2A /* config */ = {
			isa = PBXGroup;
			children = (
				3047A50F1AB8059700498E2A /* build-debug.xcconfig */,
				3047A5101AB8059700498E2A /* build-release.xcconfig */,
				3047A5111AB8059700498E2A /* build.xcconfig */,
			);
			name = config;
			sourceTree = "<group>";
		};
		307C750510C5A3420062BCA9 /* Plugins */ = {
			isa = PBXGroup;
			children = (
				67CB970E656E40108583575C /* CDVLogger.m */,
				0F7F18DE68564CD2AC7F4FFD /* CDVLogger.h */,
				652D27879A64413FACEF2841 /* CDVDevice.m */,
				BE251F8C8571468E91E640F5 /* CDVDevice.h */,
				794F8B1ACA5146AF9CF5FEA1 /* CDVSplashScreen.m */,
				062DBBF098254E4D9F5A5A81 /* CDVViewController+SplashScreen.m */,
				93479BD8F3F345DCBA8F4F1B /* CDVSplashScreen.h */,
				345BA9C9F17840E38958D831 /* CDVViewController+SplashScreen.h */,
				54B3E0377B734F908EE517A4 /* CDVStatusBar.m */,
				6575B1DB4C2540DA9A3BD59B /* CDVStatusBar.h */,
				657144B1032841CAB9B172AA /* IonicKeyboard.m */,
				734D9B8C90EA410E9F5A4FEC /* IonicKeyboard.h */,
				C4DDCB02B9634613B21A4B1E /* CDVLocation.m */,
				94F94E376D684DDCA660A67D /* CDVLocation.h */,
				AEB7E0A0A9074BBEAFA37D86 /* CDVConnection.m */,
				34AE5D6C403D472481FB8332 /* CDVReachability.m */,
				9372D37635E244159A76CA0D /* CDVConnection.h */,
				B7CD99DC87F44B47A306435D /* CDVReachability.h */,
				0AD525788791490BAF2807F3 /* SQLitePlugin.m */,
				20B3105D8A31410BAA94A182 /* sqlite3.c */,
				819FC1F4926347488A8162EC /* SQLitePlugin.h */,
				69E6B6087FD64CCBA840430C /* sqlite3.h */,
				132A2760F86C475E8083AE47 /* CDVInAppBrowser.m */,
				E5296032DAFB46F6824A75FA /* CDVInAppBrowser.h */,
				832159438F7C4C66B5931BA6 /* CDVWKWebViewEngine.m */,
				A801CBC4F97147E8A540D012 /* CDVWKWebViewUIDelegate.m */,
				198D6892F1834AD1A3726591 /* CDVWKProcessPoolFactory.m */,
				2CCEF39175944E4FAC78F738 /* GCDWebServer.m */,
				33ED03669433433C9860E3F6 /* GCDWebServerConnection.m */,
				2CB751B3F0F542B095F0F2F6 /* GCDWebServerFunctions.m */,
				7B06D94D48494907A2913049 /* GCDWebServerRequest.m */,
				B1AE2BD1BDE2484FB9FCF2F2 /* GCDWebServerResponse.m */,
				EEFE155000894BDE8B92F0D2 /* GCDWebServerDataRequest.m */,
				4D9FEB0882B3495B826BEC58 /* GCDWebServerFileRequest.m */,
				9C6F23AF582F4D8DBEB51014 /* GCDWebServerMultiPartFormRequest.m */,
				7C537A513A31463C8749B86E /* GCDWebServerURLEncodedFormRequest.m */,
				89EE0FD4C17D4A24815DF968 /* GCDWebServerDataResponse.m */,
				2F3E21AD18CA47E5B826D474 /* GCDWebServerErrorResponse.m */,
				6848082507AC47DCAACFC65B /* GCDWebServerFileResponse.m */,
				2CC2C8F02CC041DEB4560873 /* GCDWebServerStreamedResponse.m */,
				41C60D05601E47BC95207F7A /* CDVWKWebViewEngine.h */,
				2178BE4D90244C18A96991BF /* CDVWKWebViewUIDelegate.h */,
				403A5ADEE3DD4E0983803AAC /* CDVWKProcessPoolFactory.h */,
				7AB0764BC3A449B1A121C2EE /* GCDWebServer.h */,
				612715E6853A406095B6D01C /* GCDWebServerConnection.h */,
				A3B833B236C3443E90B64345 /* GCDWebServerFunctions.h */,
				5F14907495F04DE3B3F067BD /* GCDWebServerHTTPStatusCodes.h */,
				63645FEDD7714C12A45C97D4 /* GCDWebServerPrivate.h */,
				32391348088F4043996B56C9 /* GCDWebServerRequest.h */,
				CBB760E4ABDC48C9B1B4D096 /* GCDWebServerResponse.h */,
				13D0A824453F40BBA3D11451 /* GCDWebServerDataRequest.h */,
				1CC311723DD643ED8B472A57 /* GCDWebServerFileRequest.h */,
				05E436E5D2E44290920F06B8 /* GCDWebServerMultiPartFormRequest.h */,
				0C9E8BAC3B1846018D9F2A12 /* GCDWebServerURLEncodedFormRequest.h */,
				ECBF9852EF1249F9848799E2 /* GCDWebServerDataResponse.h */,
				C63E43DEBADB4B88A209D8EA /* GCDWebServerErrorResponse.h */,
				1DDDACB469AE46C881787E59 /* GCDWebServerFileResponse.h */,
				1FDE33E1F9B64FFDA4F180BB /* GCDWebServerStreamedResponse.h */,
				9FC4A4D3E7B242BDAB27DDC9 /* Diagnostic.m */,
				F43B5955A95848EBA42F0557 /* Diagnostic.h */,
				7BC09C15DF2F425A9B26312F /* CDVBarcodeScanner.mm */,
				E86569EF4D6940838B3F2A4C /* zxing-all-in-one.cpp */,
				2F7BD40CADF542C2AD8EBACF /* zxing-all-in-one.h */,
				26DE63193C9748A88C1293F7 /* CDVCertificate.m */,
				EABAAAD5165F4993AF163AFD /* NSURLRequest+AllowUntrustedCertificates.m */,
				10089DE9A79043838C42E828 /* CDVCertificate.h */,
				065A6D90D4FA4C1CBAC7956F /* NSURLRequest+AllowUntrustedCertificates.h */,
			);
			name = Plugins;
			path = "MyApp/Plugins";
			sourceTree = SOURCE_ROOT;
		};
		EB87FDF11871DA420020F90C /* Staging */ = {
			isa = PBXGroup;
			children = (
				F840E1F0165FE0F500CFE078 /* config.xml */,
				301BF56E109A69640062928A /* www */,
			);
			name = Staging;
			sourceTree = "<group>";
		};
/* End PBXGroup section */

/* Begin PBXNativeTarget section */
		1D6058900D05DD3D006BFB54 /* MyApp */ = {
			isa = PBXNativeTarget;
			buildConfigurationList = 1D6058960D05DD3E006BFB54 /* Build configuration list for PBXNativeTarget "MyApp" */;
			buildPhases = (
				304B58A110DAC018002A0835 /* Copy www directory */,
				1D60588D0D05DD3D006BFB54 /* Resources */,
				1D60588E0D05DD3D006BFB54 /* Sources */,
				1D60588F0D05DD3D006BFB54 /* Frameworks */,
			);
			buildRules = (
			);
			dependencies = (
				301BF551109A68C00062928A /* PBXTargetDependency */,
			);
			name = "MyApp";
			productName = "MyApp";
			productReference = 1D6058910D05DD3D006BFB54 /* MyApp.app */;
			productType = "com.apple.product-type.application";
		};
/* End PBXNativeTarget section */

/* Begin PBXProject section */
		29B97313FDCFA39411CA2CEA /* Project object */ = {
			isa = PBXProject;
			attributes = {
				LastUpgradeCheck = 510;
			};
			buildConfigurationList = C01FCF4E08A954540054247B /* Build configuration list for PBXProject "__NON-CLI__" */;
			compatibilityVersion = "Xcode 3.2";
			developmentRegion = English;
			hasScannedForEncodings = 1;
			mainGroup = 29B97314FDCFA39411CA2CEA /* CustomTemplate */;
			projectDirPath = "";
			projectReferences = (
				{
					ProductGroup = 301BF52E109A57CC0062928A /* Products */;
					ProjectRef = 301BF52D109A57CC0062928A /* CordovaLib.xcodeproj */;
				},
			);
			projectRoot = "";
			targets = (
				1D6058900D05DD3D006BFB54 /* MyApp */,
			);
		};
/* End PBXProject section */

/* Begin PBXReferenceProxy section */
		301BF535109A57CC0062928A /* libCordova.a */ = {
			isa = PBXReferenceProxy;
			fileType = archive.ar;
			path = libCordova.a;
			remoteRef = 301BF534109A57CC0062928A /* PBXContainerItemProxy */;
			sourceTree = BUILT_PRODUCTS_DIR;
		};
/* End PBXReferenceProxy section */

/* Begin PBXResourcesBuildPhase section */
		1D60588D0D05DD3D006BFB54 /* Resources */ = {
			isa = PBXResourcesBuildPhase;
			buildActionMask = 2147483647;
			files = (
				302D95F214D2391D003F00A1 /* MainViewController.xib in Resources */,
				0207DA581B56EA530066E2B4 /* Images.xcassets in Resources */,
				6AFF5BF91D6E424B00AB3073 /* CDVLaunchScreen.storyboard in Resources */,
				F721503929944B78B5BD4A6A /* scannerOverlay.xib in Resources */,
				3BA1FFA9BF1541B6B799A21F /* CDVBarcodeScanner.bundle in Resources */,
			);
			runOnlyForDeploymentPostprocessing = 0;
		};
/* End PBXResourcesBuildPhase section */

/* Begin PBXShellScriptBuildPhase section */
		304B58A110DAC018002A0835 /* Copy www directory */ = {
			isa = PBXShellScriptBuildPhase;
			buildActionMask = 2147483647;
			files = (
			);
			inputPaths = (
			);
			name = "Copy www directory";
			outputPaths = (
			);
			runOnlyForDeploymentPostprocessing = 0;
			shellPath = /bin/sh;
			shellScript = "NODEJS_PATH=/usr/local/bin; NVM_NODE_PATH=~/.nvm/versions/node/`nvm version 2>/dev/null`/bin; N_NODE_PATH=`find /usr/local/n/versions/node/* -maxdepth 0 -type d 2>/dev/null | tail -1`/bin; XCODE_NODE_PATH=`xcode-select --print-path`/usr/share/xcs/Node/bin; PATH=$NODEJS_PATH:$NVM_NODE_PATH:$N_NODE_PATH:$XCODE_NODE_PATH:$PATH && node cordova/lib/copy-www-build-step.js";
			showEnvVarsInLog = 0;
		};
/* End PBXShellScriptBuildPhase section */

/* Begin PBXSourcesBuildPhase section */
		1D60588E0D05DD3D006BFB54 /* Sources */ = {
			isa = PBXSourcesBuildPhase;
			buildActionMask = 2147483647;
			files = (
				1D60589B0D05DD56006BFB54 /* main.m in Sources */,
				1D3623260D0F684500981E51 /* AppDelegate.m in Sources */,
				302D95F114D2391D003F00A1 /* MainViewController.m in Sources */,
				5DF2CE08990F44818972CF06 /* CDVLogger.m in Sources */,
				6AFEF4CFDB4346D99FAB6DD0 /* CDVDevice.m in Sources */,
				A7EAC81AFA4C44879FDEB491 /* CDVSplashScreen.m in Sources */,
				B1E29D0720DD4B6CB03C234D /* CDVViewController+SplashScreen.m in Sources */,
				462B56340D4144CDABBD5953 /* CDVStatusBar.m in Sources */,
				B41649031C1943669990DAB7 /* IonicKeyboard.m in Sources */,
				5033EF561D584C5E8BBCB07F /* CDVLocation.m in Sources */,
				5262CC6CCC00410BBDC24E7F /* CDVConnection.m in Sources */,
				CA85D49DA0584C40973482F2 /* CDVReachability.m in Sources */,
				F98F0BF00FF944218B7D42D2 /* SQLitePlugin.m in Sources */,
				7D1BFC61194947FFB405045C /* sqlite3.c in Resources */,
				E8E8F37C6FAF4AFAB3568983 /* CDVInAppBrowser.m in Sources */,
				9B1768927F6E40AD95674A2C /* CDVWKWebViewEngine.m in Sources */,
				5195BCC4A35D4FF890196D94 /* CDVWKWebViewUIDelegate.m in Sources */,
				FB23BAEE262642BC92A0A8B7 /* CDVWKProcessPoolFactory.m in Sources */,
				76728F6620384ACDA7AA0351 /* GCDWebServer.m in Sources */,
				6A28F03D6F374E3894966A8D /* GCDWebServerConnection.m in Sources */,
				0367CDBE758340CDAAFF2596 /* GCDWebServerFunctions.m in Sources */,
				F78AA94639A2494485490BE0 /* GCDWebServerRequest.m in Sources */,
				8E7CF010AF3C462186F4D05B /* GCDWebServerResponse.m in Sources */,
				7E54DF3576B343E6A0ED4EFF /* GCDWebServerDataRequest.m in Sources */,
				6C205F8F696E4062BC6ADD66 /* GCDWebServerFileRequest.m in Sources */,
				0E9E4AAA7B78439A89CD323F /* GCDWebServerMultiPartFormRequest.m in Sources */,
				F2C889F3D98C4992AF13D81B /* GCDWebServerURLEncodedFormRequest.m in Sources */,
				DCAAF12E569C4685A0F22B0C /* GCDWebServerDataResponse.m in Sources */,
				C1266C2C5CE248069306B4B4 /* GCDWebServerErrorResponse.m in Sources */,
				322F561187474153A8634208 /* GCDWebServerFileResponse.m in Sources */,
				867F66B3C753461181FACA94 /* GCDWebServerStreamedResponse.m in Sources */,
				39781C33E90A4AC7B190EE1C /* Diagnostic.m in Sources */,
				DF96050D32DF46949945379E /* CDVBarcodeScanner.mm in Resources */,
				D20D5EB2ACF14C1EBA250785 /* zxing-all-in-one.cpp in Resources */,
				3F8C8DF8355147CB9943AA48 /* CDVCertificate.m in Sources */,
				BD8BECACC09147BAABACBFC6 /* NSURLRequest+AllowUntrustedCertificates.m in Sources */,
			);
			runOnlyForDeploymentPostprocessing = 0;
		};
/* End PBXSourcesBuildPhase section */

/* Begin PBXTargetDependency section */
		301BF551109A68C00062928A /* PBXTargetDependency */ = {
			isa = PBXTargetDependency;
			name = CordovaLib;
			targetProxy = 301BF550109A68C00062928A /* PBXContainerItemProxy */;
		};
/* End PBXTargetDependency section */

/* Begin XCBuildConfiguration section */
		1D6058940D05DD3E006BFB54 /* Debug */ = {
			isa = XCBuildConfiguration;
			baseConfigurationReference = 3047A50F1AB8059700498E2A /* build-debug.xcconfig */;
			buildSettings = {
				ALWAYS_SEARCH_USER_PATHS = NO;
				ASSETCATALOG_COMPILER_APPICON_NAME = AppIcon;
				ASSETCATALOG_COMPILER_LAUNCHIMAGE_NAME = LaunchImage;
				CLANG_ENABLE_MODULES = YES;
				CLANG_ENABLE_OBJC_ARC = YES;
				COPY_PHASE_STRIP = NO;
				GCC_DYNAMIC_NO_PIC = NO;
				GCC_OPTIMIZATION_LEVEL = 0;
				GCC_PRECOMPILE_PREFIX_HEADER = YES;
				GCC_PREFIX_HEADER = "MyApp/MyApp-Prefix.pch";
				GCC_THUMB_SUPPORT = NO;
				GCC_VERSION = "";
				INFOPLIST_FILE = "MyApp/MyApp-Info.plist";
				IPHONEOS_DEPLOYMENT_TARGET = 9.0;
				LD_RUNPATH_SEARCH_PATHS = "@executable_path/Frameworks";
				TARGETED_DEVICE_FAMILY = "1,2";
				PRODUCT_NAME = "MyApp";
			};
			name = Debug;
		};
		1D6058950D05DD3E006BFB54 /* Release */ = {
			isa = XCBuildConfiguration;
			baseConfigurationReference = 3047A5101AB8059700498E2A /* build-release.xcconfig */;
			buildSettings = {
				ALWAYS_SEARCH_USER_PATHS = NO;
				ASSETCATALOG_COMPILER_APPICON_NAME = AppIcon;
				ASSETCATALOG_COMPILER_LAUNCHIMAGE_NAME = LaunchImage;
				CLANG_ENABLE_MODULES = YES;
				CLANG_ENABLE_OBJC_ARC = YES;
				COPY_PHASE_STRIP = YES;
				GCC_PRECOMPILE_PREFIX_HEADER = YES;
				GCC_PREFIX_HEADER = "MyApp/MyApp-Prefix.pch";
				GCC_THUMB_SUPPORT = NO;
				GCC_VERSION = "";
				INFOPLIST_FILE = "MyApp/MyApp-Info.plist";
				IPHONEOS_DEPLOYMENT_TARGET = 9.0;
				LD_RUNPATH_SEARCH_PATHS = "@executable_path/Frameworks";
				TARGETED_DEVICE_FAMILY = "1,2";
				PRODUCT_NAME = "MyApp";
			};
			name = Release;
		};
		C01FCF4F08A954540054247B /* Debug */ = {
			isa = XCBuildConfiguration;
			baseConfigurationReference = 3047A5111AB8059700498E2A /* build.xcconfig */;
			buildSettings = {
				CLANG_ENABLE_MODULES = YES;
				CLANG_ENABLE_OBJC_ARC = YES;
				CLANG_WARN_BOOL_CONVERSION = YES;
				CLANG_WARN_CONSTANT_CONVERSION = YES;
				CLANG_WARN_EMPTY_BODY = YES;
				CLANG_WARN_ENUM_CONVERSION = YES;
				CLANG_WARN_INT_CONVERSION = YES;
				CLANG_WARN__DUPLICATE_METHOD_MATCH = YES;
				GCC_C_LANGUAGE_STANDARD = c99;
				GCC_THUMB_SUPPORT = NO;
				GCC_VERSION = "";
				GCC_WARN_ABOUT_RETURN_TYPE = YES;
				GCC_WARN_UNDECLARED_SELECTOR = YES;
				GCC_WARN_UNINITIALIZED_AUTOS = YES;
				GCC_WARN_UNUSED_FUNCTION = YES;
				GCC_WARN_UNUSED_VARIABLE = YES;
				ONLY_ACTIVE_ARCH = YES;
				SDKROOT = iphoneos;
				SKIP_INSTALL = NO;
				ASSETCATALOG_COMPILER_LAUNCHIMAGE_NAME = LaunchImage;
			};
			name = Debug;
		};
		C01FCF5008A954540054247B /* Release */ = {
			isa = XCBuildConfiguration;
			baseConfigurationReference = 3047A5111AB8059700498E2A /* build.xcconfig */;
			buildSettings = {
				CLANG_ENABLE_MODULES = YES;
				CLANG_ENABLE_OBJC_ARC = YES;
				CLANG_WARN_BOOL_CONVERSION = YES;
				CLANG_WARN_CONSTANT_CONVERSION = YES;
				CLANG_WARN_EMPTY_BODY = YES;
				CLANG_WARN_ENUM_CONVERSION = YES;
				CLANG_WARN_INT_CONVERSION = YES;
				CLANG_WARN__DUPLICATE_METHOD_MATCH = YES;
				GCC_C_LANGUAGE_STANDARD = c99;
				GCC_THUMB_SUPPORT = NO;
				GCC_VERSION = "";
				GCC_WARN_ABOUT_RETURN_TYPE = YES;
				GCC_WARN_UNDECLARED_SELECTOR = YES;
				GCC_WARN_UNINITIALIZED_AUTOS = YES;
				GCC_WARN_UNUSED_FUNCTION = YES;
				GCC_WARN_UNUSED_VARIABLE = YES;
				SDKROOT = iphoneos;
				SKIP_INSTALL = NO;
				ASSETCATALOG_COMPILER_LAUNCHIMAGE_NAME = LaunchImage;
			};
			name = Release;
		};
/* End XCBuildConfiguration section */

/* Begin XCConfigurationList section */
		1D6058960D05DD3E006BFB54 /* Build configuration list for PBXNativeTarget "MyApp" */ = {
			isa = XCConfigurationList;
			buildConfigurations = (
				1D6058940D05DD3E006BFB54 /* Debug */,
				1D6058950D05DD3E006BFB54 /* Release */,
			);
			defaultConfigurationIsVisible = 0;
			defaultConfigurationName = Release;
		};
		C01FCF4E08A954540054247B /* Build configuration list for PBXProject "__NON-CLI__" */ = {
			isa = XCConfigurationList;
			buildConfigurations = (
				C01FCF4F08A954540054247B /* Debug */,
				C01FCF5008A954540054247B /* Release */,
			);
			defaultConfigurationIsVisible = 0;
			defaultConfigurationName = Release;
		};
/* End XCConfigurationList section */
	};
	rootObject = 29B97313FDCFA39411CA2CEA /* Project object */;
}
